// !$*UTF8*$!
{
	archiveVersion = 1;
	classes = {
	};
	objectVersion = 50;
	objects = {

/* Begin PBXBuildFile section */
		D90DE5F1254DDEE60062E7B3 /* CadastroPessoasAVLApp.swift in Sources */ = {isa = PBXBuildFile; fileRef = D90DE5F0254DDEE60062E7B3 /* CadastroPessoasAVLApp.swift */; };
		D90DE5F3254DDEE60062E7B3 /* TelaPesquisa.swift in Sources */ = {isa = PBXBuildFile; fileRef = D90DE5F2254DDEE60062E7B3 /* TelaPesquisa.swift */; };
		D90DE5F5254DDEE70062E7B3 /* Assets.xcassets in Resources */ = {isa = PBXBuildFile; fileRef = D90DE5F4254DDEE70062E7B3 /* Assets.xcassets */; };
		D90DE5F8254DDEE70062E7B3 /* Preview Assets.xcassets in Resources */ = {isa = PBXBuildFile; fileRef = D90DE5F7254DDEE70062E7B3 /* Preview Assets.xcassets */; };
		D90DE603254DDEE80062E7B3 /* CadastroPessoasAVLTests.swift in Sources */ = {isa = PBXBuildFile; fileRef = D90DE602254DDEE80062E7B3 /* CadastroPessoasAVLTests.swift */; };
		D90DE60E254DDEE80062E7B3 /* CadastroPessoasAVLUITests.swift in Sources */ = {isa = PBXBuildFile; fileRef = D90DE60D254DDEE80062E7B3 /* CadastroPessoasAVLUITests.swift */; };
		D90DE623254DECEC0062E7B3 /* Pessoas.csv in Resources */ = {isa = PBXBuildFile; fileRef = D90DE622254DECEC0062E7B3 /* Pessoas.csv */; };
		D90DE629254DEDD00062E7B3 /* Pessoa.swift in Sources */ = {isa = PBXBuildFile; fileRef = D90DE628254DEDD00062E7B3 /* Pessoa.swift */; };
		D90DE62E254DF7520062E7B3 /* TelaPesquisaViewModel.swift in Sources */ = {isa = PBXBuildFile; fileRef = D90DE62D254DF7520062E7B3 /* TelaPesquisaViewModel.swift */; };
		D90DE639254E3DD50062E7B3 /* TelaCarregamentoArquivo.swift in Sources */ = {isa = PBXBuildFile; fileRef = D90DE638254E3DD50062E7B3 /* TelaCarregamentoArquivo.swift */; };
		D90DE641254E3F230062E7B3 /* Cabecalho.swift in Sources */ = {isa = PBXBuildFile; fileRef = D90DE640254E3F230062E7B3 /* Cabecalho.swift */; };
		D90DE64D254E494F0062E7B3 /* ArvoreAVL.swift in Sources */ = {isa = PBXBuildFile; fileRef = D90DE64C254E494F0062E7B3 /* ArvoreAVL.swift */; };
		D90DE652254E49B80062E7B3 /* No.swift in Sources */ = {isa = PBXBuildFile; fileRef = D90DE651254E49B80062E7B3 /* No.swift */; };
		D90DE65A254F04900062E7B3 /* AnalisadorCSV.swift in Sources */ = {isa = PBXBuildFile; fileRef = D90DE659254F04900062E7B3 /* AnalisadorCSV.swift */; };
		D90DE65F254F04CE0062E7B3 /* TelaCarregamentoArquivoViewModel.swift in Sources */ = {isa = PBXBuildFile; fileRef = D90DE65E254F04CE0062E7B3 /* TelaCarregamentoArquivoViewModel.swift */; };
		D90DE667254F0FE20062E7B3 /* IndicesArvore.swift in Sources */ = {isa = PBXBuildFile; fileRef = D90DE666254F0FE20062E7B3 /* IndicesArvore.swift */; };
		D90FBB5625584BA400E936AC /* imagem_perfil.png in Resources */ = {isa = PBXBuildFile; fileRef = D90FBB5525584BA400E936AC /* imagem_perfil.png */; };
		D90FBB5B25584BAC00E936AC /* ImageStore.swift in Sources */ = {isa = PBXBuildFile; fileRef = D90FBB5A25584BAC00E936AC /* ImageStore.swift */; };
		D91CC4282554D2C900BCEE4F /* Utils.swift in Sources */ = {isa = PBXBuildFile; fileRef = D91CC4272554D2C900BCEE4F /* Utils.swift */; };
		D97BB515254F21C400023D9F /* VisualizacaoArvores.swift in Sources */ = {isa = PBXBuildFile; fileRef = D97BB514254F21C400023D9F /* VisualizacaoArvores.swift */; };
		D97BB51D254F295A00023D9F /* Color+CoresPersonalizadas.swift in Sources */ = {isa = PBXBuildFile; fileRef = D97BB51C254F295A00023D9F /* Color+CoresPersonalizadas.swift */; };
		D97BB523254F296200023D9F /* NoView.swift in Sources */ = {isa = PBXBuildFile; fileRef = D97BB521254F296200023D9F /* NoView.swift */; };
		D97BB524254F296200023D9F /* DiagramaSubarvore.swift in Sources */ = {isa = PBXBuildFile; fileRef = D97BB522254F296200023D9F /* DiagramaSubarvore.swift */; };
		D981B44B2550494600FEC57C /* CartaoPessoa.swift in Sources */ = {isa = PBXBuildFile; fileRef = D981B44A2550494600FEC57C /* CartaoPessoa.swift */; };
		D981B45025508E3D00FEC57C /* CartaoPessoaViewModel.swift in Sources */ = {isa = PBXBuildFile; fileRef = D981B44F25508E3D00FEC57C /* CartaoPessoaViewModel.swift */; };
		D99C646F25615D0400D7E4A3 /* VisualizacaoArvoresViewModel.swift in Sources */ = {isa = PBXBuildFile; fileRef = D99C646E25615D0400D7E4A3 /* VisualizacaoArvoresViewModel.swift */; };
		D9C8F9752550C1E800C3B6A3 /* TelaPrincipal.swift in Sources */ = {isa = PBXBuildFile; fileRef = D9C8F9742550C1E800C3B6A3 /* TelaPrincipal.swift */; };
		D9C8F9802550D6B500C3B6A3 /* String+isInt.swift in Sources */ = {isa = PBXBuildFile; fileRef = D9C8F97F2550D6B500C3B6A3 /* String+isInt.swift */; };
/* End PBXBuildFile section */

/* Begin PBXContainerItemProxy section */
		D90DE5FF254DDEE80062E7B3 /* PBXContainerItemProxy */ = {
			isa = PBXContainerItemProxy;
			containerPortal = D90DE5E5254DDEE60062E7B3 /* Project object */;
			proxyType = 1;
			remoteGlobalIDString = D90DE5EC254DDEE60062E7B3;
			remoteInfo = CadastroPessoasAVL;
		};
		D90DE60A254DDEE80062E7B3 /* PBXContainerItemProxy */ = {
			isa = PBXContainerItemProxy;
			containerPortal = D90DE5E5254DDEE60062E7B3 /* Project object */;
			proxyType = 1;
			remoteGlobalIDString = D90DE5EC254DDEE60062E7B3;
			remoteInfo = CadastroPessoasAVL;
		};
/* End PBXContainerItemProxy section */

/* Begin PBXFileReference section */
		D90DE5ED254DDEE60062E7B3 /* CadastroPessoasAVL.app */ = {isa = PBXFileReference; explicitFileType = wrapper.application; includeInIndex = 0; path = CadastroPessoasAVL.app; sourceTree = BUILT_PRODUCTS_DIR; };
		D90DE5F0254DDEE60062E7B3 /* CadastroPessoasAVLApp.swift */ = {isa = PBXFileReference; lastKnownFileType = sourcecode.swift; path = CadastroPessoasAVLApp.swift; sourceTree = "<group>"; };
		D90DE5F2254DDEE60062E7B3 /* TelaPesquisa.swift */ = {isa = PBXFileReference; lastKnownFileType = sourcecode.swift; path = TelaPesquisa.swift; sourceTree = "<group>"; };
		D90DE5F4254DDEE70062E7B3 /* Assets.xcassets */ = {isa = PBXFileReference; lastKnownFileType = folder.assetcatalog; path = Assets.xcassets; sourceTree = "<group>"; };
		D90DE5F7254DDEE70062E7B3 /* Preview Assets.xcassets */ = {isa = PBXFileReference; lastKnownFileType = folder.assetcatalog; path = "Preview Assets.xcassets"; sourceTree = "<group>"; };
		D90DE5F9254DDEE70062E7B3 /* Info.plist */ = {isa = PBXFileReference; lastKnownFileType = text.plist.xml; path = Info.plist; sourceTree = "<group>"; };
		D90DE5FE254DDEE80062E7B3 /* CadastroPessoasAVLTests.xctest */ = {isa = PBXFileReference; explicitFileType = wrapper.cfbundle; includeInIndex = 0; path = CadastroPessoasAVLTests.xctest; sourceTree = BUILT_PRODUCTS_DIR; };
		D90DE602254DDEE80062E7B3 /* CadastroPessoasAVLTests.swift */ = {isa = PBXFileReference; lastKnownFileType = sourcecode.swift; path = CadastroPessoasAVLTests.swift; sourceTree = "<group>"; };
		D90DE604254DDEE80062E7B3 /* Info.plist */ = {isa = PBXFileReference; lastKnownFileType = text.plist.xml; path = Info.plist; sourceTree = "<group>"; };
		D90DE609254DDEE80062E7B3 /* CadastroPessoasAVLUITests.xctest */ = {isa = PBXFileReference; explicitFileType = wrapper.cfbundle; includeInIndex = 0; path = CadastroPessoasAVLUITests.xctest; sourceTree = BUILT_PRODUCTS_DIR; };
		D90DE60D254DDEE80062E7B3 /* CadastroPessoasAVLUITests.swift */ = {isa = PBXFileReference; lastKnownFileType = sourcecode.swift; path = CadastroPessoasAVLUITests.swift; sourceTree = "<group>"; };
		D90DE60F254DDEE80062E7B3 /* Info.plist */ = {isa = PBXFileReference; lastKnownFileType = text.plist.xml; path = Info.plist; sourceTree = "<group>"; };
		D90DE622254DECEC0062E7B3 /* Pessoas.csv */ = {isa = PBXFileReference; fileEncoding = 4; lastKnownFileType = text; path = Pessoas.csv; sourceTree = "<group>"; };
		D90DE628254DEDD00062E7B3 /* Pessoa.swift */ = {isa = PBXFileReference; lastKnownFileType = sourcecode.swift; path = Pessoa.swift; sourceTree = "<group>"; };
		D90DE62D254DF7520062E7B3 /* TelaPesquisaViewModel.swift */ = {isa = PBXFileReference; lastKnownFileType = sourcecode.swift; path = TelaPesquisaViewModel.swift; sourceTree = "<group>"; };
		D90DE638254E3DD50062E7B3 /* TelaCarregamentoArquivo.swift */ = {isa = PBXFileReference; lastKnownFileType = sourcecode.swift; path = TelaCarregamentoArquivo.swift; sourceTree = "<group>"; };
		D90DE640254E3F230062E7B3 /* Cabecalho.swift */ = {isa = PBXFileReference; lastKnownFileType = sourcecode.swift; path = Cabecalho.swift; sourceTree = "<group>"; };
		D90DE64C254E494F0062E7B3 /* ArvoreAVL.swift */ = {isa = PBXFileReference; lastKnownFileType = sourcecode.swift; path = ArvoreAVL.swift; sourceTree = "<group>"; };
		D90DE651254E49B80062E7B3 /* No.swift */ = {isa = PBXFileReference; lastKnownFileType = sourcecode.swift; path = No.swift; sourceTree = "<group>"; };
		D90DE659254F04900062E7B3 /* AnalisadorCSV.swift */ = {isa = PBXFileReference; lastKnownFileType = sourcecode.swift; path = AnalisadorCSV.swift; sourceTree = "<group>"; };
		D90DE65E254F04CE0062E7B3 /* TelaCarregamentoArquivoViewModel.swift */ = {isa = PBXFileReference; lastKnownFileType = sourcecode.swift; path = TelaCarregamentoArquivoViewModel.swift; sourceTree = "<group>"; };
		D90DE666254F0FE20062E7B3 /* IndicesArvore.swift */ = {isa = PBXFileReference; lastKnownFileType = sourcecode.swift; path = IndicesArvore.swift; sourceTree = "<group>"; };
		D90FBB5525584BA400E936AC /* imagem_perfil.png */ = {isa = PBXFileReference; lastKnownFileType = image.png; path = imagem_perfil.png; sourceTree = "<group>"; };
		D90FBB5A25584BAC00E936AC /* ImageStore.swift */ = {isa = PBXFileReference; fileEncoding = 4; lastKnownFileType = sourcecode.swift; path = ImageStore.swift; sourceTree = "<group>"; };
		D91CC4272554D2C900BCEE4F /* Utils.swift */ = {isa = PBXFileReference; lastKnownFileType = sourcecode.swift; path = Utils.swift; sourceTree = "<group>"; };
		D97BB514254F21C400023D9F /* VisualizacaoArvores.swift */ = {isa = PBXFileReference; lastKnownFileType = sourcecode.swift; path = VisualizacaoArvores.swift; sourceTree = "<group>"; };
		D97BB51C254F295A00023D9F /* Color+CoresPersonalizadas.swift */ = {isa = PBXFileReference; fileEncoding = 4; lastKnownFileType = sourcecode.swift; path = "Color+CoresPersonalizadas.swift"; sourceTree = "<group>"; };
		D97BB521254F296200023D9F /* NoView.swift */ = {isa = PBXFileReference; fileEncoding = 4; lastKnownFileType = sourcecode.swift; path = NoView.swift; sourceTree = "<group>"; };
		D97BB522254F296200023D9F /* DiagramaSubarvore.swift */ = {isa = PBXFileReference; fileEncoding = 4; lastKnownFileType = sourcecode.swift; path = DiagramaSubarvore.swift; sourceTree = "<group>"; };
		D981B44A2550494600FEC57C /* CartaoPessoa.swift */ = {isa = PBXFileReference; lastKnownFileType = sourcecode.swift; path = CartaoPessoa.swift; sourceTree = "<group>"; };
		D981B44F25508E3D00FEC57C /* CartaoPessoaViewModel.swift */ = {isa = PBXFileReference; lastKnownFileType = sourcecode.swift; path = CartaoPessoaViewModel.swift; sourceTree = "<group>"; };
		D99C646E25615D0400D7E4A3 /* VisualizacaoArvoresViewModel.swift */ = {isa = PBXFileReference; lastKnownFileType = sourcecode.swift; path = VisualizacaoArvoresViewModel.swift; sourceTree = "<group>"; };
		D9C8F9742550C1E800C3B6A3 /* TelaPrincipal.swift */ = {isa = PBXFileReference; lastKnownFileType = sourcecode.swift; path = TelaPrincipal.swift; sourceTree = "<group>"; };
		D9C8F97F2550D6B500C3B6A3 /* String+isInt.swift */ = {isa = PBXFileReference; fileEncoding = 4; lastKnownFileType = sourcecode.swift; path = "String+isInt.swift"; sourceTree = "<group>"; };
/* End PBXFileReference section */

/* Begin PBXFrameworksBuildPhase section */
		D90DE5EA254DDEE60062E7B3 /* Frameworks */ = {
			isa = PBXFrameworksBuildPhase;
			buildActionMask = 2147483647;
			files = (
			);
			runOnlyForDeploymentPostprocessing = 0;
		};
		D90DE5FB254DDEE80062E7B3 /* Frameworks */ = {
			isa = PBXFrameworksBuildPhase;
			buildActionMask = 2147483647;
			files = (
			);
			runOnlyForDeploymentPostprocessing = 0;
		};
		D90DE606254DDEE80062E7B3 /* Frameworks */ = {
			isa = PBXFrameworksBuildPhase;
			buildActionMask = 2147483647;
			files = (
			);
			runOnlyForDeploymentPostprocessing = 0;
		};
/* End PBXFrameworksBuildPhase section */

/* Begin PBXGroup section */
		D90DE5E4254DDEE60062E7B3 = {
			isa = PBXGroup;
			children = (
				D90DE5EF254DDEE60062E7B3 /* CadastroPessoasAVL */,
				D90DE601254DDEE80062E7B3 /* CadastroPessoasAVLTests */,
				D90DE60C254DDEE80062E7B3 /* CadastroPessoasAVLUITests */,
				D90DE5EE254DDEE60062E7B3 /* Products */,
			);
			sourceTree = "<group>";
		};
		D90DE5EE254DDEE60062E7B3 /* Products */ = {
			isa = PBXGroup;
			children = (
				D90DE5ED254DDEE60062E7B3 /* CadastroPessoasAVL.app */,
				D90DE5FE254DDEE80062E7B3 /* CadastroPessoasAVLTests.xctest */,
				D90DE609254DDEE80062E7B3 /* CadastroPessoasAVLUITests.xctest */,
			);
			name = Products;
			sourceTree = "<group>";
		};
		D90DE5EF254DDEE60062E7B3 /* CadastroPessoasAVL */ = {
			isa = PBXGroup;
			children = (
				D97BB51B254F294800023D9F /* Apoio */,
				D90DE645254E3F330062E7B3 /* Views */,
				D90DE627254DEDC30062E7B3 /* Modelo */,
				D90DE621254DEBCF0062E7B3 /* Recursos */,
				D90DE5F0254DDEE60062E7B3 /* CadastroPessoasAVLApp.swift */,
				D90DE5F4254DDEE70062E7B3 /* Assets.xcassets */,
				D90DE5F9254DDEE70062E7B3 /* Info.plist */,
				D90DE5F6254DDEE70062E7B3 /* Preview Content */,
			);
			path = CadastroPessoasAVL;
			sourceTree = "<group>";
		};
		D90DE5F6254DDEE70062E7B3 /* Preview Content */ = {
			isa = PBXGroup;
			children = (
				D90DE5F7254DDEE70062E7B3 /* Preview Assets.xcassets */,
			);
			path = "Preview Content";
			sourceTree = "<group>";
		};
		D90DE601254DDEE80062E7B3 /* CadastroPessoasAVLTests */ = {
			isa = PBXGroup;
			children = (
				D90DE602254DDEE80062E7B3 /* CadastroPessoasAVLTests.swift */,
				D90DE604254DDEE80062E7B3 /* Info.plist */,
			);
			path = CadastroPessoasAVLTests;
			sourceTree = "<group>";
		};
		D90DE60C254DDEE80062E7B3 /* CadastroPessoasAVLUITests */ = {
			isa = PBXGroup;
			children = (
				D90DE60D254DDEE80062E7B3 /* CadastroPessoasAVLUITests.swift */,
				D90DE60F254DDEE80062E7B3 /* Info.plist */,
			);
			path = CadastroPessoasAVLUITests;
			sourceTree = "<group>";
		};
		D90DE621254DEBCF0062E7B3 /* Recursos */ = {
			isa = PBXGroup;
			children = (
				D90FBB5525584BA400E936AC /* imagem_perfil.png */,
				D90DE622254DECEC0062E7B3 /* Pessoas.csv */,
			);
			path = Recursos;
			sourceTree = "<group>";
		};
		D90DE627254DEDC30062E7B3 /* Modelo */ = {
			isa = PBXGroup;
			children = (
				D90DE651254E49B80062E7B3 /* No.swift */,
				D90DE64C254E494F0062E7B3 /* ArvoreAVL.swift */,
				D90DE628254DEDD00062E7B3 /* Pessoa.swift */,
				D90DE666254F0FE20062E7B3 /* IndicesArvore.swift */,
			);
			path = Modelo;
			sourceTree = "<group>";
		};
		D90DE645254E3F330062E7B3 /* Views */ = {
			isa = PBXGroup;
			children = (
				D90DE640254E3F230062E7B3 /* Cabecalho.swift */,
				D9C8F9742550C1E800C3B6A3 /* TelaPrincipal.swift */,
				D9CAFF6D255457BB00B50695 /* Views Carregamento Arquivo */,
				D99C646D25615CB000D7E4A3 /* Views Arvores */,
				D9CAFF69255457B000B50695 /* Views Pesquisa */,
				D9CAFF682554579A00B50695 /* Views Pessoa */,
				D97BB519254F225D00023D9F /* Views Arvore */,
			);
			path = Views;
			sourceTree = "<group>";
		};
		D97BB519254F225D00023D9F /* Views Arvore */ = {
			isa = PBXGroup;
			children = (
				D97BB522254F296200023D9F /* DiagramaSubarvore.swift */,
				D97BB521254F296200023D9F /* NoView.swift */,
			);
			path = "Views Arvore";
			sourceTree = "<group>";
		};
		D97BB51B254F294800023D9F /* Apoio */ = {
			isa = PBXGroup;
			children = (
				D90FBB5A25584BAC00E936AC /* ImageStore.swift */,
				D90DE659254F04900062E7B3 /* AnalisadorCSV.swift */,
				D9C8F97F2550D6B500C3B6A3 /* String+isInt.swift */,
				D97BB51C254F295A00023D9F /* Color+CoresPersonalizadas.swift */,
				D91CC4272554D2C900BCEE4F /* Utils.swift */,
			);
			path = Apoio;
			sourceTree = "<group>";
		};
		D99C646D25615CB000D7E4A3 /* Views Arvores */ = {
			isa = PBXGroup;
			children = (
				D97BB514254F21C400023D9F /* VisualizacaoArvores.swift */,
				D99C646E25615D0400D7E4A3 /* VisualizacaoArvoresViewModel.swift */,
			);
			path = "Views Arvores";
			sourceTree = "<group>";
		};
		D9CAFF682554579A00B50695 /* Views Pessoa */ = {
			isa = PBXGroup;
			children = (
				D981B44A2550494600FEC57C /* CartaoPessoa.swift */,
				D981B44F25508E3D00FEC57C /* CartaoPessoaViewModel.swift */,
			);
			path = "Views Pessoa";
			sourceTree = "<group>";
		};
		D9CAFF69255457B000B50695 /* Views Pesquisa */ = {
			isa = PBXGroup;
			children = (
				D90DE5F2254DDEE60062E7B3 /* TelaPesquisa.swift */,
				D90DE62D254DF7520062E7B3 /* TelaPesquisaViewModel.swift */,
			);
			path = "Views Pesquisa";
			sourceTree = "<group>";
		};
		D9CAFF6D255457BB00B50695 /* Views Carregamento Arquivo */ = {
			isa = PBXGroup;
			children = (
				D90DE638254E3DD50062E7B3 /* TelaCarregamentoArquivo.swift */,
				D90DE65E254F04CE0062E7B3 /* TelaCarregamentoArquivoViewModel.swift */,
			);
			path = "Views Carregamento Arquivo";
			sourceTree = "<group>";
		};
/* End PBXGroup section */

/* Begin PBXNativeTarget section */
		D90DE5EC254DDEE60062E7B3 /* CadastroPessoasAVL */ = {
			isa = PBXNativeTarget;
			buildConfigurationList = D90DE612254DDEE80062E7B3 /* Build configuration list for PBXNativeTarget "CadastroPessoasAVL" */;
			buildPhases = (
				D90DE5E9254DDEE60062E7B3 /* Sources */,
				D90DE5EA254DDEE60062E7B3 /* Frameworks */,
				D90DE5EB254DDEE60062E7B3 /* Resources */,
			);
			buildRules = (
			);
			dependencies = (
			);
			name = CadastroPessoasAVL;
			productName = CadastroPessoasAVL;
			productReference = D90DE5ED254DDEE60062E7B3 /* CadastroPessoasAVL.app */;
			productType = "com.apple.product-type.application";
		};
		D90DE5FD254DDEE80062E7B3 /* CadastroPessoasAVLTests */ = {
			isa = PBXNativeTarget;
			buildConfigurationList = D90DE615254DDEE80062E7B3 /* Build configuration list for PBXNativeTarget "CadastroPessoasAVLTests" */;
			buildPhases = (
				D90DE5FA254DDEE80062E7B3 /* Sources */,
				D90DE5FB254DDEE80062E7B3 /* Frameworks */,
				D90DE5FC254DDEE80062E7B3 /* Resources */,
			);
			buildRules = (
			);
			dependencies = (
				D90DE600254DDEE80062E7B3 /* PBXTargetDependency */,
			);
			name = CadastroPessoasAVLTests;
			productName = CadastroPessoasAVLTests;
			productReference = D90DE5FE254DDEE80062E7B3 /* CadastroPessoasAVLTests.xctest */;
			productType = "com.apple.product-type.bundle.unit-test";
		};
		D90DE608254DDEE80062E7B3 /* CadastroPessoasAVLUITests */ = {
			isa = PBXNativeTarget;
			buildConfigurationList = D90DE618254DDEE80062E7B3 /* Build configuration list for PBXNativeTarget "CadastroPessoasAVLUITests" */;
			buildPhases = (
				D90DE605254DDEE80062E7B3 /* Sources */,
				D90DE606254DDEE80062E7B3 /* Frameworks */,
				D90DE607254DDEE80062E7B3 /* Resources */,
			);
			buildRules = (
			);
			dependencies = (
				D90DE60B254DDEE80062E7B3 /* PBXTargetDependency */,
			);
			name = CadastroPessoasAVLUITests;
			productName = CadastroPessoasAVLUITests;
			productReference = D90DE609254DDEE80062E7B3 /* CadastroPessoasAVLUITests.xctest */;
			productType = "com.apple.product-type.bundle.ui-testing";
		};
/* End PBXNativeTarget section */

/* Begin PBXProject section */
		D90DE5E5254DDEE60062E7B3 /* Project object */ = {
			isa = PBXProject;
			attributes = {
				LastSwiftUpdateCheck = 1210;
				LastUpgradeCheck = 1210;
				TargetAttributes = {
					D90DE5EC254DDEE60062E7B3 = {
						CreatedOnToolsVersion = 12.1;
					};
					D90DE5FD254DDEE80062E7B3 = {
						CreatedOnToolsVersion = 12.1;
						TestTargetID = D90DE5EC254DDEE60062E7B3;
					};
					D90DE608254DDEE80062E7B3 = {
						CreatedOnToolsVersion = 12.1;
						TestTargetID = D90DE5EC254DDEE60062E7B3;
					};
				};
			};
			buildConfigurationList = D90DE5E8254DDEE60062E7B3 /* Build configuration list for PBXProject "CadastroPessoasAVL" */;
			compatibilityVersion = "Xcode 9.3";
			developmentRegion = en;
			hasScannedForEncodings = 0;
			knownRegions = (
				en,
				Base,
			);
			mainGroup = D90DE5E4254DDEE60062E7B3;
			productRefGroup = D90DE5EE254DDEE60062E7B3 /* Products */;
			projectDirPath = "";
			projectRoot = "";
			targets = (
				D90DE5EC254DDEE60062E7B3 /* CadastroPessoasAVL */,
				D90DE5FD254DDEE80062E7B3 /* CadastroPessoasAVLTests */,
				D90DE608254DDEE80062E7B3 /* CadastroPessoasAVLUITests */,
			);
		};
/* End PBXProject section */

/* Begin PBXResourcesBuildPhase section */
		D90DE5EB254DDEE60062E7B3 /* Resources */ = {
			isa = PBXResourcesBuildPhase;
			buildActionMask = 2147483647;
			files = (
				D90DE623254DECEC0062E7B3 /* Pessoas.csv in Resources */,
				D90FBB5625584BA400E936AC /* imagem_perfil.png in Resources */,
				D90DE5F8254DDEE70062E7B3 /* Preview Assets.xcassets in Resources */,
				D90DE5F5254DDEE70062E7B3 /* Assets.xcassets in Resources */,
			);
			runOnlyForDeploymentPostprocessing = 0;
		};
		D90DE5FC254DDEE80062E7B3 /* Resources */ = {
			isa = PBXResourcesBuildPhase;
			buildActionMask = 2147483647;
			files = (
			);
			runOnlyForDeploymentPostprocessing = 0;
		};
		D90DE607254DDEE80062E7B3 /* Resources */ = {
			isa = PBXResourcesBuildPhase;
			buildActionMask = 2147483647;
			files = (
			);
			runOnlyForDeploymentPostprocessing = 0;
		};
/* End PBXResourcesBuildPhase section */

/* Begin PBXSourcesBuildPhase section */
		D90DE5E9254DDEE60062E7B3 /* Sources */ = {
			isa = PBXSourcesBuildPhase;
			buildActionMask = 2147483647;
			files = (
				D90DE652254E49B80062E7B3 /* No.swift in Sources */,
				D97BB523254F296200023D9F /* NoView.swift in Sources */,
				D981B44B2550494600FEC57C /* CartaoPessoa.swift in Sources */,
				D97BB524254F296200023D9F /* DiagramaSubarvore.swift in Sources */,
				D90DE5F3254DDEE60062E7B3 /* TelaPesquisa.swift in Sources */,
				D90DE667254F0FE20062E7B3 /* IndicesArvore.swift in Sources */,
				D90DE64D254E494F0062E7B3 /* ArvoreAVL.swift in Sources */,
				D90DE629254DEDD00062E7B3 /* Pessoa.swift in Sources */,
				D9C8F9752550C1E800C3B6A3 /* TelaPrincipal.swift in Sources */,
				D97BB515254F21C400023D9F /* VisualizacaoArvores.swift in Sources */,
				D90DE65A254F04900062E7B3 /* AnalisadorCSV.swift in Sources */,
				D90FBB5B25584BAC00E936AC /* ImageStore.swift in Sources */,
				D99C646F25615D0400D7E4A3 /* VisualizacaoArvoresViewModel.swift in Sources */,
				D97BB51D254F295A00023D9F /* Color+CoresPersonalizadas.swift in Sources */,
				D90DE5F1254DDEE60062E7B3 /* CadastroPessoasAVLApp.swift in Sources */,
				D90DE65F254F04CE0062E7B3 /* TelaCarregamentoArquivoViewModel.swift in Sources */,
				D90DE62E254DF7520062E7B3 /* TelaPesquisaViewModel.swift in Sources */,
				D981B45025508E3D00FEC57C /* CartaoPessoaViewModel.swift in Sources */,
				D91CC4282554D2C900BCEE4F /* Utils.swift in Sources */,
				D90DE641254E3F230062E7B3 /* Cabecalho.swift in Sources */,
				D9C8F9802550D6B500C3B6A3 /* String+isInt.swift in Sources */,
				D90DE639254E3DD50062E7B3 /* TelaCarregamentoArquivo.swift in Sources */,
			);
			runOnlyForDeploymentPostprocessing = 0;
		};
		D90DE5FA254DDEE80062E7B3 /* Sources */ = {
			isa = PBXSourcesBuildPhase;
			buildActionMask = 2147483647;
			files = (
				D90DE603254DDEE80062E7B3 /* CadastroPessoasAVLTests.swift in Sources */,
			);
			runOnlyForDeploymentPostprocessing = 0;
		};
		D90DE605254DDEE80062E7B3 /* Sources */ = {
			isa = PBXSourcesBuildPhase;
			buildActionMask = 2147483647;
			files = (
				D90DE60E254DDEE80062E7B3 /* CadastroPessoasAVLUITests.swift in Sources */,
			);
			runOnlyForDeploymentPostprocessing = 0;
		};
/* End PBXSourcesBuildPhase section */

/* Begin PBXTargetDependency section */
		D90DE600254DDEE80062E7B3 /* PBXTargetDependency */ = {
			isa = PBXTargetDependency;
			target = D90DE5EC254DDEE60062E7B3 /* CadastroPessoasAVL */;
			targetProxy = D90DE5FF254DDEE80062E7B3 /* PBXContainerItemProxy */;
		};
		D90DE60B254DDEE80062E7B3 /* PBXTargetDependency */ = {
			isa = PBXTargetDependency;
			target = D90DE5EC254DDEE60062E7B3 /* CadastroPessoasAVL */;
			targetProxy = D90DE60A254DDEE80062E7B3 /* PBXContainerItemProxy */;
		};
/* End PBXTargetDependency section */

/* Begin XCBuildConfiguration section */
		D90DE610254DDEE80062E7B3 /* Debug */ = {
			isa = XCBuildConfiguration;
			buildSettings = {
				ALWAYS_SEARCH_USER_PATHS = NO;
				CLANG_ANALYZER_NONNULL = YES;
				CLANG_ANALYZER_NUMBER_OBJECT_CONVERSION = YES_AGGRESSIVE;
				CLANG_CXX_LANGUAGE_STANDARD = "gnu++14";
				CLANG_CXX_LIBRARY = "libc++";
				CLANG_ENABLE_MODULES = YES;
				CLANG_ENABLE_OBJC_ARC = YES;
				CLANG_ENABLE_OBJC_WEAK = YES;
				CLANG_WARN_BLOCK_CAPTURE_AUTORELEASING = YES;
				CLANG_WARN_BOOL_CONVERSION = YES;
				CLANG_WARN_COMMA = YES;
				CLANG_WARN_CONSTANT_CONVERSION = YES;
				CLANG_WARN_DEPRECATED_OBJC_IMPLEMENTATIONS = YES;
				CLANG_WARN_DIRECT_OBJC_ISA_USAGE = YES_ERROR;
				CLANG_WARN_DOCUMENTATION_COMMENTS = YES;
				CLANG_WARN_EMPTY_BODY = YES;
				CLANG_WARN_ENUM_CONVERSION = YES;
				CLANG_WARN_INFINITE_RECURSION = YES;
				CLANG_WARN_INT_CONVERSION = YES;
				CLANG_WARN_NON_LITERAL_NULL_CONVERSION = YES;
				CLANG_WARN_OBJC_IMPLICIT_RETAIN_SELF = YES;
				CLANG_WARN_OBJC_LITERAL_CONVERSION = YES;
				CLANG_WARN_OBJC_ROOT_CLASS = YES_ERROR;
				CLANG_WARN_QUOTED_INCLUDE_IN_FRAMEWORK_HEADER = YES;
				CLANG_WARN_RANGE_LOOP_ANALYSIS = YES;
				CLANG_WARN_STRICT_PROTOTYPES = YES;
				CLANG_WARN_SUSPICIOUS_MOVE = YES;
				CLANG_WARN_UNGUARDED_AVAILABILITY = YES_AGGRESSIVE;
				CLANG_WARN_UNREACHABLE_CODE = YES;
				CLANG_WARN__DUPLICATE_METHOD_MATCH = YES;
				COPY_PHASE_STRIP = NO;
				DEBUG_INFORMATION_FORMAT = dwarf;
				ENABLE_STRICT_OBJC_MSGSEND = YES;
				ENABLE_TESTABILITY = YES;
				GCC_C_LANGUAGE_STANDARD = gnu11;
				GCC_DYNAMIC_NO_PIC = NO;
				GCC_NO_COMMON_BLOCKS = YES;
				GCC_OPTIMIZATION_LEVEL = 0;
				GCC_PREPROCESSOR_DEFINITIONS = (
					"DEBUG=1",
					"$(inherited)",
				);
				GCC_WARN_64_TO_32_BIT_CONVERSION = YES;
				GCC_WARN_ABOUT_RETURN_TYPE = YES_ERROR;
				GCC_WARN_UNDECLARED_SELECTOR = YES;
				GCC_WARN_UNINITIALIZED_AUTOS = YES_AGGRESSIVE;
				GCC_WARN_UNUSED_FUNCTION = YES;
				GCC_WARN_UNUSED_VARIABLE = YES;
				IPHONEOS_DEPLOYMENT_TARGET = 14.0;
				MTL_ENABLE_DEBUG_INFO = INCLUDE_SOURCE;
				MTL_FAST_MATH = YES;
				ONLY_ACTIVE_ARCH = YES;
				SDKROOT = iphoneos;
				SWIFT_ACTIVE_COMPILATION_CONDITIONS = DEBUG;
				SWIFT_OPTIMIZATION_LEVEL = "-Onone";
			};
			name = Debug;
		};
		D90DE611254DDEE80062E7B3 /* Release */ = {
			isa = XCBuildConfiguration;
			buildSettings = {
				ALWAYS_SEARCH_USER_PATHS = NO;
				CLANG_ANALYZER_NONNULL = YES;
				CLANG_ANALYZER_NUMBER_OBJECT_CONVERSION = YES_AGGRESSIVE;
				CLANG_CXX_LANGUAGE_STANDARD = "gnu++14";
				CLANG_CXX_LIBRARY = "libc++";
				CLANG_ENABLE_MODULES = YES;
				CLANG_ENABLE_OBJC_ARC = YES;
				CLANG_ENABLE_OBJC_WEAK = YES;
				CLANG_WARN_BLOCK_CAPTURE_AUTORELEASING = YES;
				CLANG_WARN_BOOL_CONVERSION = YES;
				CLANG_WARN_COMMA = YES;
				CLANG_WARN_CONSTANT_CONVERSION = YES;
				CLANG_WARN_DEPRECATED_OBJC_IMPLEMENTATIONS = YES;
				CLANG_WARN_DIRECT_OBJC_ISA_USAGE = YES_ERROR;
				CLANG_WARN_DOCUMENTATION_COMMENTS = YES;
				CLANG_WARN_EMPTY_BODY = YES;
				CLANG_WARN_ENUM_CONVERSION = YES;
				CLANG_WARN_INFINITE_RECURSION = YES;
				CLANG_WARN_INT_CONVERSION = YES;
				CLANG_WARN_NON_LITERAL_NULL_CONVERSION = YES;
				CLANG_WARN_OBJC_IMPLICIT_RETAIN_SELF = YES;
				CLANG_WARN_OBJC_LITERAL_CONVERSION = YES;
				CLANG_WARN_OBJC_ROOT_CLASS = YES_ERROR;
				CLANG_WARN_QUOTED_INCLUDE_IN_FRAMEWORK_HEADER = YES;
				CLANG_WARN_RANGE_LOOP_ANALYSIS = YES;
				CLANG_WARN_STRICT_PROTOTYPES = YES;
				CLANG_WARN_SUSPICIOUS_MOVE = YES;
				CLANG_WARN_UNGUARDED_AVAILABILITY = YES_AGGRESSIVE;
				CLANG_WARN_UNREACHABLE_CODE = YES;
				CLANG_WARN__DUPLICATE_METHOD_MATCH = YES;
				COPY_PHASE_STRIP = NO;
				DEBUG_INFORMATION_FORMAT = "dwarf-with-dsym";
				ENABLE_NS_ASSERTIONS = NO;
				ENABLE_STRICT_OBJC_MSGSEND = YES;
				GCC_C_LANGUAGE_STANDARD = gnu11;
				GCC_NO_COMMON_BLOCKS = YES;
				GCC_WARN_64_TO_32_BIT_CONVERSION = YES;
				GCC_WARN_ABOUT_RETURN_TYPE = YES_ERROR;
				GCC_WARN_UNDECLARED_SELECTOR = YES;
				GCC_WARN_UNINITIALIZED_AUTOS = YES_AGGRESSIVE;
				GCC_WARN_UNUSED_FUNCTION = YES;
				GCC_WARN_UNUSED_VARIABLE = YES;
				IPHONEOS_DEPLOYMENT_TARGET = 14.0;
				MTL_ENABLE_DEBUG_INFO = NO;
				MTL_FAST_MATH = YES;
				SDKROOT = iphoneos;
				SWIFT_COMPILATION_MODE = wholemodule;
				SWIFT_OPTIMIZATION_LEVEL = "-O";
				VALIDATE_PRODUCT = YES;
			};
			name = Release;
		};
		D90DE613254DDEE80062E7B3 /* Debug */ = {
			isa = XCBuildConfiguration;
			buildSettings = {
				ASSETCATALOG_COMPILER_APPICON_NAME = AppIcon;
				ASSETCATALOG_COMPILER_GLOBAL_ACCENT_COLOR_NAME = AccentColor;
				CODE_SIGN_STYLE = Automatic;
				DEVELOPMENT_ASSET_PATHS = "\"CadastroPessoasAVL/Preview Content\"";
				DEVELOPMENT_TEAM = L8X3H5XA82;
				ENABLE_PREVIEWS = YES;
				INFOPLIST_FILE = CadastroPessoasAVL/Info.plist;
				IPHONEOS_DEPLOYMENT_TARGET = 14.0;
				LD_RUNPATH_SEARCH_PATHS = (
					"$(inherited)",
					"@executable_path/Frameworks",
				);
				PRODUCT_BUNDLE_IDENTIFIER = com.rafaelschmitt.CadastroPessoasAVL;
				PRODUCT_NAME = "$(TARGET_NAME)";
				SWIFT_VERSION = 5.0;
				TARGETED_DEVICE_FAMILY = 2;
			};
			name = Debug;
		};
		D90DE614254DDEE80062E7B3 /* Release */ = {
			isa = XCBuildConfiguration;
			buildSettings = {
				ASSETCATALOG_COMPILER_APPICON_NAME = AppIcon;
				ASSETCATALOG_COMPILER_GLOBAL_ACCENT_COLOR_NAME = AccentColor;
				CODE_SIGN_STYLE = Automatic;
				DEVELOPMENT_ASSET_PATHS = "\"CadastroPessoasAVL/Preview Content\"";
				DEVELOPMENT_TEAM = L8X3H5XA82;
				ENABLE_PREVIEWS = YES;
				INFOPLIST_FILE = CadastroPessoasAVL/Info.plist;
				IPHONEOS_DEPLOYMENT_TARGET = 14.0;
				LD_RUNPATH_SEARCH_PATHS = (
					"$(inherited)",
					"@executable_path/Frameworks",
				);
				PRODUCT_BUNDLE_IDENTIFIER = com.rafaelschmitt.CadastroPessoasAVL;
				PRODUCT_NAME = "$(TARGET_NAME)";
				SWIFT_VERSION = 5.0;
				TARGETED_DEVICE_FAMILY = 2;
			};
			name = Release;
		};
		D90DE616254DDEE80062E7B3 /* Debug */ = {
			isa = XCBuildConfiguration;
			buildSettings = {
				ALWAYS_EMBED_SWIFT_STANDARD_LIBRARIES = YES;
				BUNDLE_LOADER = "$(TEST_HOST)";
				CODE_SIGN_STYLE = Automatic;
				DEVELOPMENT_TEAM = L8X3H5XA82;
				INFOPLIST_FILE = CadastroPessoasAVLTests/Info.plist;
				IPHONEOS_DEPLOYMENT_TARGET = 14.0;
				LD_RUNPATH_SEARCH_PATHS = (
					"$(inherited)",
					"@executable_path/Frameworks",
					"@loader_path/Frameworks",
				);
				PRODUCT_BUNDLE_IDENTIFIER = com.rafaelschmitt.CadastroPessoasAVLTests;
				PRODUCT_NAME = "$(TARGET_NAME)";
				SWIFT_VERSION = 5.0;
				TARGETED_DEVICE_FAMILY = "1,2";
				TEST_HOST = "$(BUILT_PRODUCTS_DIR)/CadastroPessoasAVL.app/CadastroPessoasAVL";
			};
			name = Debug;
		};
		D90DE617254DDEE80062E7B3 /* Release */ = {
			isa = XCBuildConfiguration;
			buildSettings = {
				ALWAYS_EMBED_SWIFT_STANDARD_LIBRARIES = YES;
				BUNDLE_LOADER = "$(TEST_HOST)";
				CODE_SIGN_STYLE = Automatic;
				DEVELOPMENT_TEAM = L8X3H5XA82;
				INFOPLIST_FILE = CadastroPessoasAVLTests/Info.plist;
				IPHONEOS_DEPLOYMENT_TARGET = 14.0;
				LD_RUNPATH_SEARCH_PATHS = (
					"$(inherited)",
					"@executable_path/Frameworks",
					"@loader_path/Frameworks",
				);
				PRODUCT_BUNDLE_IDENTIFIER = com.rafaelschmitt.CadastroPessoasAVLTests;
				PRODUCT_NAME = "$(TARGET_NAME)";
				SWIFT_VERSION = 5.0;
				TARGETED_DEVICE_FAMILY = "1,2";
				TEST_HOST = "$(BUILT_PRODUCTS_DIR)/CadastroPessoasAVL.app/CadastroPessoasAVL";
			};
			name = Release;
		};
		D90DE619254DDEE80062E7B3 /* Debug */ = {
			isa = XCBuildConfiguration;
			buildSettings = {
				ALWAYS_EMBED_SWIFT_STANDARD_LIBRARIES = YES;
				CODE_SIGN_STYLE = Automatic;
				DEVELOPMENT_TEAM = L8X3H5XA82;
				INFOPLIST_FILE = CadastroPessoasAVLUITests/Info.plist;
				LD_RUNPATH_SEARCH_PATHS = (
					"$(inherited)",
					"@executable_path/Frameworks",
					"@loader_path/Frameworks",
				);
				PRODUCT_BUNDLE_IDENTIFIER = com.rafaelschmitt.CadastroPessoasAVLUITests;
				PRODUCT_NAME = "$(TARGET_NAME)";
				SWIFT_VERSION = 5.0;
				TARGETED_DEVICE_FAMILY = "1,2";
				TEST_TARGET_NAME = CadastroPessoasAVL;
			};
			name = Debug;
		};
		D90DE61A254DDEE80062E7B3 /* Release */ = {
			isa = XCBuildConfiguration;
			buildSettings = {
				ALWAYS_EMBED_SWIFT_STANDARD_LIBRARIES = YES;
				CODE_SIGN_STYLE = Automatic;
				DEVELOPMENT_TEAM = L8X3H5XA82;
				INFOPLIST_FILE = CadastroPessoasAVLUITests/Info.plist;
				LD_RUNPATH_SEARCH_PATHS = (
					"$(inherited)",
					"@executable_path/Frameworks",
					"@loader_path/Frameworks",
				);
				PRODUCT_BUNDLE_IDENTIFIER = com.rafaelschmitt.CadastroPessoasAVLUITests;
				PRODUCT_NAME = "$(TARGET_NAME)";
				SWIFT_VERSION = 5.0;
				TARGETED_DEVICE_FAMILY = "1,2";
				TEST_TARGET_NAME = CadastroPessoasAVL;
			};
			name = Release;
		};
/* End XCBuildConfiguration section */

/* Begin XCConfigurationList section */
		D90DE5E8254DDEE60062E7B3 /* Build configuration list for PBXProject "CadastroPessoasAVL" */ = {
			isa = XCConfigurationList;
			buildConfigurations = (
				D90DE610254DDEE80062E7B3 /* Debug */,
				D90DE611254DDEE80062E7B3 /* Release */,
			);
			defaultConfigurationIsVisible = 0;
			defaultConfigurationName = Release;
		};
		D90DE612254DDEE80062E7B3 /* Build configuration list for PBXNativeTarget "CadastroPessoasAVL" */ = {
			isa = XCConfigurationList;
			buildConfigurations = (
				D90DE613254DDEE80062E7B3 /* Debug */,
				D90DE614254DDEE80062E7B3 /* Release */,
			);
			defaultConfigurationIsVisible = 0;
			defaultConfigurationName = Release;
		};
		D90DE615254DDEE80062E7B3 /* Build configuration list for PBXNativeTarget "CadastroPessoasAVLTests" */ = {
			isa = XCConfigurationList;
			buildConfigurations = (
				D90DE616254DDEE80062E7B3 /* Debug */,
				D90DE617254DDEE80062E7B3 /* Release */,
			);
			defaultConfigurationIsVisible = 0;
			defaultConfigurationName = Release;
		};
		D90DE618254DDEE80062E7B3 /* Build configuration list for PBXNativeTarget "CadastroPessoasAVLUITests" */ = {
			isa = XCConfigurationList;
			buildConfigurations = (
				D90DE619254DDEE80062E7B3 /* Debug */,
				D90DE61A254DDEE80062E7B3 /* Release */,
			);
			defaultConfigurationIsVisible = 0;
			defaultConfigurationName = Release;
		};
/* End XCConfigurationList section */
	};
	rootObject = D90DE5E5254DDEE60062E7B3 /* Project object */;
}
